
Microsoft Visual Studio Solution File, Format Version 12.00
# Visual Studio Version 17
VisualStudioVersion = 17.7.34031.279
MinimumVisualStudioVersion = 10.0.40219.1
Project("{FAE04EC0-301F-11D3-BF4B-00C04F79EFBC}") = "TermProject1", "TermProject1.csproj", "{CE2487D2-020B-4EB7-A9BE-96FBA19FB083}"
EndProject
Global
	GlobalSection(SolutionConfigurationPlatforms) = preSolution
		Debug|Any CPU = Debug|Any CPU
		Release|Any CPU = Release|Any CPU
	EndGlobalSection
	GlobalSection(ProjectConfigurationPlatforms) = postSolution
		{CE2487D2-020B-4EB7-A9BE-96FBA19FB083}.Debug|Any CPU.ActiveCfg = Debug|Any CPU
		{CE2487D2-020B-4EB7-A9BE-96FBA19FB083}.Debug|Any CPU.Build.0 = Debug|Any CPU
		{CE2487D2-020B-4EB7-A9BE-96FBA19FB083}.Release|Any CPU.ActiveCfg = Release|Any CPU
		{CE2487D2-020B-4EB7-A9BE-96FBA19FB083}.Release|Any CPU.Build.0 = Release|Any CPU
	EndGlobalSection
	GlobalSection(SolutionProperties) = preSolution
		HideSolutionNode = FALSE
	EndGlobalSection
	GlobalSection(ExtensibilityGlobals) = postSolution
		SolutionGuid = {5B67A723-07F7-4B21-BD8A-E74B77C51B3B}
	EndGlobalSection
EndGlobal
